// !$*UTF8*$!
{
	archiveVersion = 1;
	classes = {
	};
	objectVersion = 52;
	objects = {

/* Begin PBXBuildFile section */
		039EFE27250A9F3200655145 /* GridSearchSwiftUIApp.swift in Sources */ = {isa = PBXBuildFile; fileRef = 039EFE26250A9F3200655145 /* GridSearchSwiftUIApp.swift */; };
		039EFE29250A9F3200655145 /* ContentView.swift in Sources */ = {isa = PBXBuildFile; fileRef = 039EFE28250A9F3200655145 /* ContentView.swift */; };
		039EFE2B250A9F3300655145 /* Assets.xcassets in Resources */ = {isa = PBXBuildFile; fileRef = 039EFE2A250A9F3300655145 /* Assets.xcassets */; };
		039EFE2E250A9F3300655145 /* Preview Assets.xcassets in Resources */ = {isa = PBXBuildFile; fileRef = 039EFE2D250A9F3300655145 /* Preview Assets.xcassets */; };
		039EFE37250AA02300655145 /* KingfisherSwiftUI in Frameworks */ = {isa = PBXBuildFile; productRef = 039EFE36250AA02300655145 /* KingfisherSwiftUI */; };
/* End PBXBuildFile section */

/* Begin PBXFileReference section */
		039EFE23250A9F3200655145 /* GridSearchSwiftUI.app */ = {isa = PBXFileReference; explicitFileType = wrapper.application; includeInIndex = 0; path = GridSearchSwiftUI.app; sourceTree = BUILT_PRODUCTS_DIR; };
		039EFE26250A9F3200655145 /* GridSearchSwiftUIApp.swift */ = {isa = PBXFileReference; lastKnownFileType = sourcecode.swift; path = GridSearchSwiftUIApp.swift; sourceTree = "<group>"; };
		039EFE28250A9F3200655145 /* ContentView.swift */ = {isa = PBXFileReference; lastKnownFileType = sourcecode.swift; path = ContentView.swift; sourceTree = "<group>"; };
		039EFE2A250A9F3300655145 /* Assets.xcassets */ = {isa = PBXFileReference; lastKnownFileType = folder.assetcatalog; path = Assets.xcassets; sourceTree = "<group>"; };
		039EFE2D250A9F3300655145 /* Preview Assets.xcassets */ = {isa = PBXFileReference; lastKnownFileType = folder.assetcatalog; path = "Preview Assets.xcassets"; sourceTree = "<group>"; };
		039EFE2F250A9F3300655145 /* Info.plist */ = {isa = PBXFileReference; lastKnownFileType = text.plist.xml; path = Info.plist; sourceTree = "<group>"; };
/* End PBXFileReference section */

/* Begin PBXFrameworksBuildPhase section */
		039EFE20250A9F3200655145 /* Frameworks */ = {
			isa = PBXFrameworksBuildPhase;
			buildActionMask = 2147483647;
			files = (
				039EFE37250AA02300655145 /* KingfisherSwiftUI in Frameworks */,
			);
			runOnlyForDeploymentPostprocessing = 0;
		};
/* End PBXFrameworksBuildPhase section */

/* Begin PBXGroup section */
		039EFE1A250A9F3200655145 = {
			isa = PBXGroup;
			children = (
				039EFE25250A9F3200655145 /* GridSearchSwiftUI */,
				039EFE24250A9F3200655145 /* Products */,
			);
			sourceTree = "<group>";
		};
		039EFE24250A9F3200655145 /* Products */ = {
			isa = PBXGroup;
			children = (
				039EFE23250A9F3200655145 /* GridSearchSwiftUI.app */,
			);
			name = Products;
			sourceTree = "<group>";
		};
		039EFE25250A9F3200655145 /* GridSearchSwiftUI */ = {
			isa = PBXGroup;
			children = (
				039EFE26250A9F3200655145 /* GridSearchSwiftUIApp.swift */,
				039EFE28250A9F3200655145 /* ContentView.swift */,
				039EFE2A250A9F3300655145 /* Assets.xcassets */,
				039EFE2F250A9F3300655145 /* Info.plist */,
				039EFE2C250A9F3300655145 /* Preview Content */,
			);
			path = GridSearchSwiftUI;
			sourceTree = "<group>";
		};
		039EFE2C250A9F3300655145 /* Preview Content */ = {
			isa = PBXGroup;
			children = (
				039EFE2D250A9F3300655145 /* Preview Assets.xcassets */,
			);
			path = "Preview Content";
			sourceTree = "<group>";
		};
/* End PBXGroup section */

/* Begin PBXNativeTarget section */
		039EFE22250A9F3200655145 /* GridSearchSwiftUI */ = {
			isa = PBXNativeTarget;
			buildConfigurationList = 039EFE32250A9F3300655145 /* Build configuration list for PBXNativeTarget "GridSearchSwiftUI" */;
			buildPhases = (
				039EFE1F250A9F3200655145 /* Sources */,
				039EFE20250A9F3200655145 /* Frameworks */,
				039EFE21250A9F3200655145 /* Resources */,
			);
			buildRules = (
			);
			dependencies = (
			);
			name = GridSearchSwiftUI;
			packageProductDependencies = (
				039EFE36250AA02300655145 /* KingfisherSwiftUI */,
			);
			productName = GridSearchSwiftUI;
			productReference = 039EFE23250A9F3200655145 /* GridSearchSwiftUI.app */;
			productType = "com.apple.product-type.application";
		};
/* End PBXNativeTarget section */

/* Begin PBXProject section */
		039EFE1B250A9F3200655145 /* Project object */ = {
			isa = PBXProject;
			attributes = {
				LastSwiftUpdateCheck = 1200;
				LastUpgradeCheck = 1200;
				TargetAttributes = {
					039EFE22250A9F3200655145 = {
						CreatedOnToolsVersion = 12.0;
					};
				};
			};
			buildConfigurationList = 039EFE1E250A9F3200655145 /* Build configuration list for PBXProject "GridSearchSwiftUI" */;
			compatibilityVersion = "Xcode 9.3";
			developmentRegion = en;
			hasScannedForEncodings = 0;
			knownRegions = (
				en,
				Base,
			);
			mainGroup = 039EFE1A250A9F3200655145;
			packageReferences = (
				039EFE35250AA02300655145 /* XCRemoteSwiftPackageReference "Kingfisher" */,
			);
			productRefGroup = 039EFE24250A9F3200655145 /* Products */;
			projectDirPath = "";
			projectRoot = "";
			targets = (
				039EFE22250A9F3200655145 /* GridSearchSwiftUI */,
			);
		};
/* End PBXProject section */

/* Begin PBXResourcesBuildPhase section */
		039EFE21250A9F3200655145 /* Resources */ = {
			isa = PBXResourcesBuildPhase;
			buildActionMask = 2147483647;
			files = (
				039EFE2E250A9F3300655145 /* Preview Assets.xcassets in Resources */,
				039EFE2B250A9F3300655145 /* Assets.xcassets in Resources */,
			);
			runOnlyForDeploymentPostprocessing = 0;
		};
/* End PBXResourcesBuildPhase section */

/* Begin PBXSourcesBuildPhase section */
		039EFE1F250A9F3200655145 /* Sources */ = {
			isa = PBXSourcesBuildPhase;
			buildActionMask = 2147483647;
			files = (
				039EFE29250A9F3200655145 /* ContentView.swift in Sources */,
				039EFE27250A9F3200655145 /* GridSearchSwiftUIApp.swift in Sources */,
			);
			runOnlyForDeploymentPostprocessing = 0;
		};
/* End PBXSourcesBuildPhase section */

/* Begin XCBuildConfiguration section */
		039EFE30250A9F3300655145 /* Debug */ = {
			isa = XCBuildConfiguration;
			buildSettings = {
				ALWAYS_SEARCH_USER_PATHS = NO;
				CLANG_ANALYZER_NONNULL = YES;
				CLANG_ANALYZER_NUMBER_OBJECT_CONVERSION = YES_AGGRESSIVE;
				CLANG_CXX_LANGUAGE_STANDARD = "gnu++14";
				CLANG_CXX_LIBRARY = "libc++";
				CLANG_ENABLE_MODULES = YES;
				CLANG_ENABLE_OBJC_ARC = YES;
				CLANG_ENABLE_OBJC_WEAK = YES;
				CLANG_WARN_BLOCK_CAPTURE_AUTORELEASING = YES;
				CLANG_WARN_BOOL_CONVERSION = YES;
				CLANG_WARN_COMMA = YES;
				CLANG_WARN_CONSTANT_CONVERSION = YES;
				CLANG_WARN_DEPRECATED_OBJC_IMPLEMENTATIONS = YES;
				CLANG_WARN_DIRECT_OBJC_ISA_USAGE = YES_ERROR;
				CLANG_WARN_DOCUMENTATION_COMMENTS = YES;
				CLANG_WARN_EMPTY_BODY = YES;
				CLANG_WARN_ENUM_CONVERSION = YES;
				CLANG_WARN_INFINITE_RECURSION = YES;
				CLANG_WARN_INT_CONVERSION = YES;
				CLANG_WARN_NON_LITERAL_NULL_CONVERSION = YES;
				CLANG_WARN_OBJC_IMPLICIT_RETAIN_SELF = YES;
				CLANG_WARN_OBJC_LITERAL_CONVERSION = YES;
				CLANG_WARN_OBJC_ROOT_CLASS = YES_ERROR;
				CLANG_WARN_QUOTED_INCLUDE_IN_FRAMEWORK_HEADER = YES;
				CLANG_WARN_RANGE_LOOP_ANALYSIS = YES;
				CLANG_WARN_STRICT_PROTOTYPES = YES;
				CLANG_WARN_SUSPICIOUS_MOVE = YES;
				CLANG_WARN_UNGUARDED_AVAILABILITY = YES_AGGRESSIVE;
				CLANG_WARN_UNREACHABLE_CODE = YES;
				CLANG_WARN__DUPLICATE_METHOD_MATCH = YES;
				COPY_PHASE_STRIP = NO;
				DEBUG_INFORMATION_FORMAT = dwarf;
				ENABLE_STRICT_OBJC_MSGSEND = YES;
				ENABLE_TESTABILITY = YES;
				GCC_C_LANGUAGE_STANDARD = gnu11;
				GCC_DYNAMIC_NO_PIC = NO;
				GCC_NO_COMMON_BLOCKS = YES;
				GCC_OPTIMIZATION_LEVEL = 0;
				GCC_PREPROCESSOR_DEFINITIONS = (
					"DEBUG=1",
					"$(inherited)",
				);
				GCC_WARN_64_TO_32_BIT_CONVERSION = YES;
				GCC_WARN_ABOUT_RETURN_TYPE = YES_ERROR;
				GCC_WARN_UNDECLARED_SELECTOR = YES;
				GCC_WARN_UNINITIALIZED_AUTOS = YES_AGGRESSIVE;
				GCC_WARN_UNUSED_FUNCTION = YES;
				GCC_WARN_UNUSED_VARIABLE = YES;
				IPHONEOS_DEPLOYMENT_TARGET = 14.0;
				MTL_ENABLE_DEBUG_INFO = INCLUDE_SOURCE;
				MTL_FAST_MATH = YES;
				ONLY_ACTIVE_ARCH = YES;
				SDKROOT = iphoneos;
				SWIFT_ACTIVE_COMPILATION_CONDITIONS = DEBUG;
				SWIFT_OPTIMIZATION_LEVEL = "-Onone";
			};
			name = Debug;
		};
		039EFE31250A9F3300655145 /* Release */ = {
			isa = XCBuildConfiguration;
			buildSettings = {
				ALWAYS_SEARCH_USER_PATHS = NO;
				CLANG_ANALYZER_NONNULL = YES;
				CLANG_ANALYZER_NUMBER_OBJECT_CONVERSION = YES_AGGRESSIVE;
				CLANG_CXX_LANGUAGE_STANDARD = "gnu++14";
				CLANG_CXX_LIBRARY = "libc++";
				CLANG_ENABLE_MODULES = YES;
				CLANG_ENABLE_OBJC_ARC = YES;
				CLANG_ENABLE_OBJC_WEAK = YES;
				CLANG_WARN_BLOCK_CAPTURE_AUTORELEASING = YES;
				CLANG_WARN_BOOL_CONVERSION = YES;
				CLANG_WARN_COMMA = YES;
				CLANG_WARN_CONSTANT_CONVERSION = YES;
				CLANG_WARN_DEPRECATED_OBJC_IMPLEMENTATIONS = YES;
				CLANG_WARN_DIRECT_OBJC_ISA_USAGE = YES_ERROR;
				CLANG_WARN_DOCUMENTATION_COMMENTS = YES;
				CLANG_WARN_EMPTY_BODY = YES;
				CLANG_WARN_ENUM_CONVERSION = YES;
				CLANG_WARN_INFINITE_RECURSION = YES;
				CLANG_WARN_INT_CONVERSION = YES;
				CLANG_WARN_NON_LITERAL_NULL_CONVERSION = YES;
				CLANG_WARN_OBJC_IMPLICIT_RETAIN_SELF = YES;
				CLANG_WARN_OBJC_LITERAL_CONVERSION = YES;
				CLANG_WARN_OBJC_ROOT_CLASS = YES_ERROR;
				CLANG_WARN_QUOTED_INCLUDE_IN_FRAMEWORK_HEADER = YES;
				CLANG_WARN_RANGE_LOOP_ANALYSIS = YES;
				CLANG_WARN_STRICT_PROTOTYPES = YES;
				CLANG_WARN_SUSPICIOUS_MOVE = YES;
				CLANG_WARN_UNGUARDED_AVAILABILITY = YES_AGGRESSIVE;
				CLANG_WARN_UNREACHABLE_CODE = YES;
				CLANG_WARN__DUPLICATE_METHOD_MATCH = YES;
				COPY_PHASE_STRIP = NO;
				DEBUG_INFORMATION_FORMAT = "dwarf-with-dsym";
				ENABLE_NS_ASSERTIONS = NO;
				ENABLE_STRICT_OBJC_MSGSEND = YES;
				GCC_C_LANGUAGE_STANDARD = gnu11;
				GCC_NO_COMMON_BLOCKS = YES;
				GCC_WARN_64_TO_32_BIT_CONVERSION = YES;
				GCC_WARN_ABOUT_RETURN_TYPE = YES_ERROR;
				GCC_WARN_UNDECLARED_SELECTOR = YES;
				GCC_WARN_UNINITIALIZED_AUTOS = YES_AGGRESSIVE;
				GCC_WARN_UNUSED_FUNCTION = YES;
				GCC_WARN_UNUSED_VARIABLE = YES;
				IPHONEOS_DEPLOYMENT_TARGET = 14.0;
				MTL_ENABLE_DEBUG_INFO = NO;
				MTL_FAST_MATH = YES;
				SDKROOT = iphoneos;
				SWIFT_COMPILATION_MODE = wholemodule;
				SWIFT_OPTIMIZATION_LEVEL = "-O";
				VALIDATE_PRODUCT = YES;
			};
			name = Release;
		};
		039EFE33250A9F3300655145 /* Debug */ = {
			isa = XCBuildConfiguration;
			buildSettings = {
				ASSETCATALOG_COMPILER_APPICON_NAME = AppIcon;
				ASSETCATALOG_COMPILER_GLOBAL_ACCENT_COLOR_NAME = AccentColor;
				CODE_SIGN_STYLE = Automatic;
				DEVELOPMENT_ASSET_PATHS = "\"GridSearchSwiftUI/Preview Content\"";
				DEVELOPMENT_TEAM = QNA2GYCBD6;
				ENABLE_PREVIEWS = YES;
				INFOPLIST_FILE = GridSearchSwiftUI/Info.plist;
				IPHONEOS_DEPLOYMENT_TARGET = 14.0;
				LD_RUNPATH_SEARCH_PATHS = (
					"$(inherited)",
					"@executable_path/Frameworks",
				);
				PRODUCT_BUNDLE_IDENTIFIER = co.christopherroura.GridSearchSwiftUI;
				PRODUCT_NAME = "$(TARGET_NAME)";
				SWIFT_VERSION = 5.0;
				TARGETED_DEVICE_FAMILY = "1,2";
			};
			name = Debug;
		};
		039EFE34250A9F3300655145 /* Release */ = {
			isa = XCBuildConfiguration;
			buildSettings = {
				ASSETCATALOG_COMPILER_APPICON_NAME = AppIcon;
				ASSETCATALOG_COMPILER_GLOBAL_ACCENT_COLOR_NAME = AccentColor;
				CODE_SIGN_STYLE = Automatic;
				DEVELOPMENT_ASSET_PATHS = "\"GridSearchSwiftUI/Preview Content\"";
				DEVELOPMENT_TEAM = QNA2GYCBD6;
				ENABLE_PREVIEWS = YES;
				INFOPLIST_FILE = GridSearchSwiftUI/Info.plist;
				IPHONEOS_DEPLOYMENT_TARGET = 14.0;
				LD_RUNPATH_SEARCH_PATHS = (
					"$(inherited)",
					"@executable_path/Frameworks",
				);
				PRODUCT_BUNDLE_IDENTIFIER = co.christopherroura.GridSearchSwiftUI;
				PRODUCT_NAME = "$(TARGET_NAME)";
				SWIFT_VERSION = 5.0;
				TARGETED_DEVICE_FAMILY = "1,2";
			};
			name = Release;
		};
/* End XCBuildConfiguration section */

/* Begin XCConfigurationList section */
		039EFE1E250A9F3200655145 /* Build configuration list for PBXProject "GridSearchSwiftUI" */ = {
			isa = XCConfigurationList;
			buildConfigurations = (
				039EFE30250A9F3300655145 /* Debug */,
				039EFE31250A9F3300655145 /* Release */,
			);
			defaultConfigurationIsVisible = 0;
			defaultConfigurationName = Release;
		};
		039EFE32250A9F3300655145 /* Build configuration list for PBXNativeTarget "GridSearchSwiftUI" */ = {
			isa = XCConfigurationList;
			buildConfigurations = (
				039EFE33250A9F3300655145 /* Debug */,
				039EFE34250A9F3300655145 /* Release */,
			);
			defaultConfigurationIsVisible = 0;
			defaultConfigurationName = Release;
		};
/* End XCConfigurationList section */

/* Begin XCRemoteSwiftPackageReference section */
		039EFE35250AA02300655145 /* XCRemoteSwiftPackageReference "Kingfisher" */ = {
			isa = XCRemoteSwiftPackageReference;
			repositoryURL = "https://github.com/onevcat/Kingfisher";
			requirement = {
				kind = upToNextMajorVersion;
				minimumVersion = 5.15.0;
			};
		};
/* End XCRemoteSwiftPackageReference section */

/* Begin XCSwiftPackageProductDependency section */
		039EFE36250AA02300655145 /* KingfisherSwiftUI */ = {
			isa = XCSwiftPackageProductDependency;
			package = 039EFE35250AA02300655145 /* XCRemoteSwiftPackageReference "Kingfisher" */;
			productName = KingfisherSwiftUI;
		};
/* End XCSwiftPackageProductDependency section */
	};
	rootObject = 039EFE1B250A9F3200655145 /* Project object */;
}
